
Microsoft Visual Studio Solution File, Format Version 12.00
# Visual Studio Version 16
VisualStudioVersion = 16.0.30804.86
MinimumVisualStudioVersion = 10.0.40219.1
Project("{FAE04EC0-301F-11D3-BF4B-00C04F79EFBC}") = "AcostaArdilla.app", "AcostaArdilla.app\AcostaArdilla.app.csproj", "{FAFAABD8-DF47-4D8E-ABCE-05928641D9D6}"
EndProject
Global
	GlobalSection(SolutionConfigurationPlatforms) = preSolution
		Debug|Any CPU = Debug|Any CPU
		Release|Any CPU = Release|Any CPU
	EndGlobalSection
	GlobalSection(ProjectConfigurationPlatforms) = postSolution
		{FAFAABD8-DF47-4D8E-ABCE-05928641D9D6}.Debug|Any CPU.ActiveCfg = Debug|Any CPU
		{FAFAABD8-DF47-4D8E-ABCE-05928641D9D6}.Debug|Any CPU.Build.0 = Debug|Any CPU
		{FAFAABD8-DF47-4D8E-ABCE-05928641D9D6}.Release|Any CPU.ActiveCfg = Release|Any CPU
		{FAFAABD8-DF47-4D8E-ABCE-05928641D9D6}.Release|Any CPU.Build.0 = Release|Any CPU
	EndGlobalSection
	GlobalSection(SolutionProperties) = preSolution
		HideSolutionNode = FALSE
	EndGlobalSection
	GlobalSection(ExtensibilityGlobals) = postSolution
		SolutionGuid = {4BE24025-C940-4879-92D6-6C5284DD2690}
	EndGlobalSection
EndGlobal
